
Microsoft Visual Studio Solution File, Format Version 12.00
# Visual Studio Version 16
VisualStudioVersion = 16.0.29920.165
MinimumVisualStudioVersion = 10.0.40219.1
Project("{FAE04EC0-301F-11D3-BF4B-00C04F79EFBC}") = "BacteriaNN", "BacteriaNN\BacteriaNN.csproj", "{6DC755D5-D7BF-4970-A69B-341E87B952CC}"
EndProject
Global
	GlobalSection(SolutionConfigurationPlatforms) = preSolution
		Debug|Any CPU = Debug|Any CPU
		Release|Any CPU = Release|Any CPU
	EndGlobalSection
	GlobalSection(ProjectConfigurationPlatforms) = postSolution
		{6DC755D5-D7BF-4970-A69B-341E87B952CC}.Debug|Any CPU.ActiveCfg = Debug|Any CPU
		{6DC755D5-D7BF-4970-A69B-341E87B952CC}.Debug|Any CPU.Build.0 = Debug|Any CPU
		{6DC755D5-D7BF-4970-A69B-341E87B952CC}.Release|Any CPU.ActiveCfg = Release|Any CPU
		{6DC755D5-D7BF-4970-A69B-341E87B952CC}.Release|Any CPU.Build.0 = Release|Any CPU
	EndGlobalSection
	GlobalSection(SolutionProperties) = preSolution
		HideSolutionNode = FALSE
	EndGlobalSection
	GlobalSection(ExtensibilityGlobals) = postSolution
		SolutionGuid = {D07751E2-6C31-4947-B517-45CC40365659}
	EndGlobalSection
EndGlobal
